
Microsoft Visual Studio Solution File, Format Version 12.00
# Visual Studio Version 17
VisualStudioVersion = 17.14.36310.24
MinimumVisualStudioVersion = 10.0.40219.1
Project("{FAE04EC0-301F-11D3-BF4B-00C04F79EFBC}") = "TaskbarAutoHideOnResume", "TaskbarAutoHideOnResume.csproj", "{8F66C6FF-7A71-ED29-F06A-7208D8C65CB2}"
EndProject
Global
	GlobalSection(SolutionConfigurationPlatforms) = preSolution
		Debug|Any CPU = Debug|Any CPU
		Release|Any CPU = Release|Any CPU
	EndGlobalSection
	GlobalSection(ProjectConfigurationPlatforms) = postSolution
		{8F66C6FF-7A71-ED29-F06A-7208D8C65CB2}.Debug|Any CPU.ActiveCfg = Debug|Any CPU
		{8F66C6FF-7A71-ED29-F06A-7208D8C65CB2}.Debug|Any CPU.Build.0 = Debug|Any CPU
		{8F66C6FF-7A71-ED29-F06A-7208D8C65CB2}.Release|Any CPU.ActiveCfg = Release|Any CPU
		{8F66C6FF-7A71-ED29-F06A-7208D8C65CB2}.Release|Any CPU.Build.0 = Release|Any CPU
	EndGlobalSection
	GlobalSection(SolutionProperties) = preSolution
		HideSolutionNode = FALSE
	EndGlobalSection
	GlobalSection(ExtensibilityGlobals) = postSolution
		SolutionGuid = {B2501CA9-CE30-486E-BBCA-2F29D8E04583}
	EndGlobalSection
EndGlobal
